
Microsoft Visual Studio Solution File, Format Version 12.00
# Visual Studio Version 17
VisualStudioVersion = 17.12.35527.113
MinimumVisualStudioVersion = 10.0.40219.1
Project("{FAE04EC0-301F-11D3-BF4B-00C04F79EFBC}") = "LogViewer", "sources\LogViewer.csproj", "{44BA7B19-D32C-485C-9A5F-5CA1C68CA7E9}"
EndProject
Global
	GlobalSection(SolutionConfigurationPlatforms) = preSolution
		Debug|ARM64 = Debug|ARM64
		Debug|x64 = Debug|x64
		Debug|x86 = Debug|x86
		Release|ARM64 = Release|ARM64
		Release|x64 = Release|x64
		Release|x86 = Release|x86
	EndGlobalSection
	GlobalSection(ProjectConfigurationPlatforms) = postSolution
		{44BA7B19-D32C-485C-9A5F-5CA1C68CA7E9}.Debug|ARM64.ActiveCfg = Debug|ARM64
		{44BA7B19-D32C-485C-9A5F-5CA1C68CA7E9}.Debug|ARM64.Build.0 = Debug|ARM64
		{44BA7B19-D32C-485C-9A5F-5CA1C68CA7E9}.Debug|ARM64.Deploy.0 = Debug|ARM64
		{44BA7B19-D32C-485C-9A5F-5CA1C68CA7E9}.Debug|x64.ActiveCfg = Debug|x64
		{44BA7B19-D32C-485C-9A5F-5CA1C68CA7E9}.Debug|x64.Build.0 = Debug|x64
		{44BA7B19-D32C-485C-9A5F-5CA1C68CA7E9}.Debug|x64.Deploy.0 = Debug|x64
		{44BA7B19-D32C-485C-9A5F-5CA1C68CA7E9}.Debug|x86.ActiveCfg = Debug|x86
		{44BA7B19-D32C-485C-9A5F-5CA1C68CA7E9}.Debug|x86.Build.0 = Debug|x86
		{44BA7B19-D32C-485C-9A5F-5CA1C68CA7E9}.Debug|x86.Deploy.0 = Debug|x86
		{44BA7B19-D32C-485C-9A5F-5CA1C68CA7E9}.Release|ARM64.ActiveCfg = Release|ARM64
		{44BA7B19-D32C-485C-9A5F-5CA1C68CA7E9}.Release|ARM64.Build.0 = Release|ARM64
		{44BA7B19-D32C-485C-9A5F-5CA1C68CA7E9}.Release|ARM64.Deploy.0 = Release|ARM64
		{44BA7B19-D32C-485C-9A5F-5CA1C68CA7E9}.Release|x64.ActiveCfg = Release|x64
		{44BA7B19-D32C-485C-9A5F-5CA1C68CA7E9}.Release|x64.Build.0 = Release|x64
		{44BA7B19-D32C-485C-9A5F-5CA1C68CA7E9}.Release|x64.Deploy.0 = Release|x64
		{44BA7B19-D32C-485C-9A5F-5CA1C68CA7E9}.Release|x86.ActiveCfg = Release|x86
		{44BA7B19-D32C-485C-9A5F-5CA1C68CA7E9}.Release|x86.Build.0 = Release|x86
		{44BA7B19-D32C-485C-9A5F-5CA1C68CA7E9}.Release|x86.Deploy.0 = Release|x86
	EndGlobalSection
	GlobalSection(SolutionProperties) = preSolution
		HideSolutionNode = FALSE
	EndGlobalSection
EndGlobal
